schema: '2.0'
stages:
  build_features:
    cmd: python3 src/features/build_features.py
    deps:
    - path: data/raw/
      hash: md5
      md5: c3f33971767574d3bd64966f7761b777.dir
      size: 46830000
      nfiles: 3
    - path: src/features/build_features.py
      hash: md5
      md5: c26ee6af8418ffdf719b766b98db70b5
      size: 1114
  train_model:
    cmd: python3 src/models/train_model.py data/processed/
    deps:
    - path: data/processed/
      hash: md5
      md5: 23e7000a9802e99d8ec0e80050b00a7a.dir
      size: 31149376
      nfiles: 3
    - path: src/models/train_model.py
      hash: md5
      md5: 9d259e26faca8c51db29767400cc45f6
      size: 3362
    outs:
    - path: models/
      hash: md5
      md5: 791a460465efdf435175e8af3f380df9.dir
      size: 33480
      nfiles: 1
